// !$*UTF8*$!
{
	archiveVersion = 1;
	classes = {
	};
	objectVersion = 46;
	objects = {

/* Begin PBXBuildFile section */
		8D8930901AEF004B00A66F2D /* SRWebSocket.m in Sources */ = {isa = PBXBuildFile; fileRef = 8D89308F1AEF004B00A66F2D /* SRWebSocket.m */; };
		8D8930921AEF014700A66F2D /* libicucore.dylib in Frameworks */ = {isa = PBXBuildFile; fileRef = 8D8930911AEF014700A66F2D /* libicucore.dylib */; };
		8D8930941AEF015B00A66F2D /* CFNetwork.framework in Frameworks */ = {isa = PBXBuildFile; fileRef = 8D8930931AEF015B00A66F2D /* CFNetwork.framework */; };
		8D8930961AEF016B00A66F2D /* Foundation.framework in Frameworks */ = {isa = PBXBuildFile; fileRef = 8D8930951AEF016B00A66F2D /* Foundation.framework */; };
		8D8930981AEF017100A66F2D /* Security.framework in Frameworks */ = {isa = PBXBuildFile; fileRef = 8D8930971AEF017100A66F2D /* Security.framework */; };
		8D8930A71AEF030100A66F2D /* SocketAckManager.swift in Sources */ = {isa = PBXBuildFile; fileRef = 8D89309A1AEF030100A66F2D /* SocketAckManager.swift */; };
		8D8930A81AEF030100A66F2D /* SocketAnyEvent.swift in Sources */ = {isa = PBXBuildFile; fileRef = 8D89309B1AEF030100A66F2D /* SocketAnyEvent.swift */; };
		8D8930A91AEF030100A66F2D /* SocketEngine.swift in Sources */ = {isa = PBXBuildFile; fileRef = 8D89309C1AEF030100A66F2D /* SocketEngine.swift */; };
		8D8930AA1AEF030100A66F2D /* SocketEngineClient.swift in Sources */ = {isa = PBXBuildFile; fileRef = 8D89309D1AEF030100A66F2D /* SocketEngineClient.swift */; };
		8D8930AB1AEF030100A66F2D /* SocketEventHandler.swift in Sources */ = {isa = PBXBuildFile; fileRef = 8D89309E1AEF030100A66F2D /* SocketEventHandler.swift */; };
		8D8930AC1AEF030100A66F2D /* SocketFixUTF8.swift in Sources */ = {isa = PBXBuildFile; fileRef = 8D89309F1AEF030100A66F2D /* SocketFixUTF8.swift */; };
		8D8930AD1AEF030100A66F2D /* SocketIOClient.swift in Sources */ = {isa = PBXBuildFile; fileRef = 8D8930A01AEF030100A66F2D /* SocketIOClient.swift */; };
		8D8930AE1AEF030100A66F2D /* SocketLogger.swift in Sources */ = {isa = PBXBuildFile; fileRef = 8D8930A11AEF030100A66F2D /* SocketLogger.swift */; };
		8D8930AF1AEF030100A66F2D /* SocketPacket.swift in Sources */ = {isa = PBXBuildFile; fileRef = 8D8930A21AEF030100A66F2D /* SocketPacket.swift */; };
		8D8930B01AEF030100A66F2D /* SocketParser.swift in Sources */ = {isa = PBXBuildFile; fileRef = 8D8930A31AEF030100A66F2D /* SocketParser.swift */; };
		8D8930B11AEF030100A66F2D /* SocketTypes.swift in Sources */ = {isa = PBXBuildFile; fileRef = 8D8930A41AEF030100A66F2D /* SocketTypes.swift */; };
		8D8930B21AEF030100A66F2D /* SwiftRegex.swift in Sources */ = {isa = PBXBuildFile; fileRef = 8D8930A51AEF030100A66F2D /* SwiftRegex.swift */; };
		8D8930B31AEF030100A66F2D /* WebSocket.swift in Sources */ = {isa = PBXBuildFile; fileRef = 8D8930A61AEF030100A66F2D /* WebSocket.swift */; };
		C31CB1521AAA48B700D229DC /* AppDelegate.swift in Sources */ = {isa = PBXBuildFile; fileRef = C31CB1511AAA48B700D229DC /* AppDelegate.swift */; };
		C31CB1571AAA48B700D229DC /* Main.storyboard in Resources */ = {isa = PBXBuildFile; fileRef = C31CB1551AAA48B700D229DC /* Main.storyboard */; };
		C31CB1591AAA48B700D229DC /* Images.xcassets in Resources */ = {isa = PBXBuildFile; fileRef = C31CB1581AAA48B700D229DC /* Images.xcassets */; };
		C31CB15C1AAA48B700D229DC /* LaunchScreen.xib in Resources */ = {isa = PBXBuildFile; fileRef = C31CB15A1AAA48B700D229DC /* LaunchScreen.xib */; };
		C31CB1681AAA48B700D229DC /* CrowdSoundTests.swift in Sources */ = {isa = PBXBuildFile; fileRef = C31CB1671AAA48B700D229DC /* CrowdSoundTests.swift */; };
		C31CB1721AAA4FAC00D229DC /* Crowd.swift in Sources */ = {isa = PBXBuildFile; fileRef = C31CB1711AAA4FAC00D229DC /* Crowd.swift */; };
		C31CB1741AAA4FE800D229DC /* Playlist.swift in Sources */ = {isa = PBXBuildFile; fileRef = C31CB1731AAA4FE800D229DC /* Playlist.swift */; };
		C31CB1761AAA4FF600D229DC /* Song.swift in Sources */ = {isa = PBXBuildFile; fileRef = C31CB1751AAA4FF600D229DC /* Song.swift */; };
		C31CB17A1AAA513B00D229DC /* PendingTableViewController.swift in Sources */ = {isa = PBXBuildFile; fileRef = C31CB1791AAA513B00D229DC /* PendingTableViewController.swift */; };
		C31CB1801AAA518300D229DC /* CrowdsTableViewController.swift in Sources */ = {isa = PBXBuildFile; fileRef = C31CB17F1AAA518300D229DC /* CrowdsTableViewController.swift */; };
		C31CB1821AAA57EB00D229DC /* CrowdTabViewController.swift in Sources */ = {isa = PBXBuildFile; fileRef = C31CB1811AAA57EB00D229DC /* CrowdTabViewController.swift */; };
		C31CE1771AD8749800A3B0B8 /* ConfigTableViewController.swift in Sources */ = {isa = PBXBuildFile; fileRef = C31CE1761AD8749800A3B0B8 /* ConfigTableViewController.swift */; };
		C35067E11AD8B2940087B3AC /* tokenswap.rb in Resources */ = {isa = PBXBuildFile; fileRef = C35067E01AD8B2940087B3AC /* tokenswap.rb */; };
		C391D77F1AD90D5400B1EC65 /* SearchViewController.swift in Sources */ = {isa = PBXBuildFile; fileRef = C391D77E1AD90D5400B1EC65 /* SearchViewController.swift */; };
		C39B51981AE2ECA7008946E1 /* SettingsTableViewController.swift in Sources */ = {isa = PBXBuildFile; fileRef = C39B51971AE2ECA7008946E1 /* SettingsTableViewController.swift */; };
		C3B99D171AE40CF9001A03C0 /* FacebookViewController.swift in Sources */ = {isa = PBXBuildFile; fileRef = C3B99D161AE40CF9001A03C0 /* FacebookViewController.swift */; };
		C3C31D1A1AE426790025470D /* Bolts.framework in Frameworks */ = {isa = PBXBuildFile; fileRef = C3C31D141AE426790025470D /* Bolts.framework */; };
		C3C31D1B1AE426790025470D /* FBAudienceNetwork.framework in Frameworks */ = {isa = PBXBuildFile; fileRef = C3C31D151AE426790025470D /* FBAudienceNetwork.framework */; };
		C3C31D1C1AE426790025470D /* FBSDKCoreKit.framework in Frameworks */ = {isa = PBXBuildFile; fileRef = C3C31D161AE426790025470D /* FBSDKCoreKit.framework */; };
		C3C31D1D1AE426790025470D /* FBSDKLoginKit.framework in Frameworks */ = {isa = PBXBuildFile; fileRef = C3C31D171AE426790025470D /* FBSDKLoginKit.framework */; };
		C3C31D1E1AE426790025470D /* FBSDKMessengerShareKit.framework in Frameworks */ = {isa = PBXBuildFile; fileRef = C3C31D181AE426790025470D /* FBSDKMessengerShareKit.framework */; };
		C3C31D1F1AE426790025470D /* FBSDKShareKit.framework in Frameworks */ = {isa = PBXBuildFile; fileRef = C3C31D191AE426790025470D /* FBSDKShareKit.framework */; };
		C3F0B7F91AED42F80016381D /* ConfigPageTests.swift in Sources */ = {isa = PBXBuildFile; fileRef = C3F0B7F81AED42F80016381D /* ConfigPageTests.swift */; };
		ED170F7E1AD5B32A00BD3D96 /* PlayerCell.swift in Sources */ = {isa = PBXBuildFile; fileRef = ED170F7D1AD5B32A00BD3D96 /* PlayerCell.swift */; };
		ED9CFDA41AE1A009005C1DF7 /* PlaylistTableViewController.swift in Sources */ = {isa = PBXBuildFile; fileRef = ED9CFDA31AE1A009005C1DF7 /* PlaylistTableViewController.swift */; };
		EDB8CC301ACE205500D7B4A3 /* CrowdTests.swift in Sources */ = {isa = PBXBuildFile; fileRef = EDB8CC2F1ACE205500D7B4A3 /* CrowdTests.swift */; };
		EDB8CC311ACE20A300D7B4A3 /* Crowd.swift in Sources */ = {isa = PBXBuildFile; fileRef = C31CB1711AAA4FAC00D229DC /* Crowd.swift */; };
		EDBAB79E1ACC566D00E7164C /* Song.swift in Sources */ = {isa = PBXBuildFile; fileRef = C31CB1751AAA4FF600D229DC /* Song.swift */; };
		EDBAB79F1ACC567100E7164C /* Playlist.swift in Sources */ = {isa = PBXBuildFile; fileRef = C31CB1731AAA4FE800D229DC /* Playlist.swift */; };
		EDBAB7A11ACC57E000E7164C /* PlaylistTests.swift in Sources */ = {isa = PBXBuildFile; fileRef = EDBAB7A01ACC57E000E7164C /* PlaylistTests.swift */; };
		EDBAB7A31ACC585100E7164C /* SongTests.swift in Sources */ = {isa = PBXBuildFile; fileRef = EDBAB7A21ACC585100E7164C /* SongTests.swift */; };
		EDCBFA6C1AD4A59D00C5CF96 /* Spotify.framework in Frameworks */ = {isa = PBXBuildFile; fileRef = EDCBFA6B1AD4A59D00C5CF96 /* Spotify.framework */; };
		EDF0C2B01AD49CAD00221DFD /* AVFoundation.framework in Frameworks */ = {isa = PBXBuildFile; fileRef = EDF0C2AF1AD49CAD00221DFD /* AVFoundation.framework */; };
		EDF0C2B61AD49E5500221DFD /* Config.swift in Sources */ = {isa = PBXBuildFile; fileRef = EDF0C2B51AD49E5500221DFD /* Config.swift */; };
		EDF2377C1AC9FD67001B007C /* PendingSongCell.swift in Sources */ = {isa = PBXBuildFile; fileRef = EDF2377B1AC9FD67001B007C /* PendingSongCell.swift */; };
/* End PBXBuildFile section */

/* Begin PBXContainerItemProxy section */
		C31CB1621AAA48B700D229DC /* PBXContainerItemProxy */ = {
			isa = PBXContainerItemProxy;
			containerPortal = C31CB1441AAA48B700D229DC /* Project object */;
			proxyType = 1;
			remoteGlobalIDString = C31CB14B1AAA48B700D229DC;
			remoteInfo = CrowdSound;
		};
/* End PBXContainerItemProxy section */

/* Begin PBXFileReference section */
		8D89308D1AEF004B00A66F2D /* SocketRocket-Prefix.pch */ = {isa = PBXFileReference; fileEncoding = 4; lastKnownFileType = sourcecode.c.h; path = "SocketRocket-Prefix.pch"; sourceTree = "<group>"; };
		8D89308E1AEF004B00A66F2D /* SRWebSocket.h */ = {isa = PBXFileReference; fileEncoding = 4; lastKnownFileType = sourcecode.c.h; path = SRWebSocket.h; sourceTree = "<group>"; };
		8D89308F1AEF004B00A66F2D /* SRWebSocket.m */ = {isa = PBXFileReference; fileEncoding = 4; lastKnownFileType = sourcecode.c.objc; path = SRWebSocket.m; sourceTree = "<group>"; };
		8D8930911AEF014700A66F2D /* libicucore.dylib */ = {isa = PBXFileReference; lastKnownFileType = "compiled.mach-o.dylib"; name = libicucore.dylib; path = usr/lib/libicucore.dylib; sourceTree = SDKROOT; };
		8D8930931AEF015B00A66F2D /* CFNetwork.framework */ = {isa = PBXFileReference; lastKnownFileType = wrapper.framework; name = CFNetwork.framework; path = System/Library/Frameworks/CFNetwork.framework; sourceTree = SDKROOT; };
		8D8930951AEF016B00A66F2D /* Foundation.framework */ = {isa = PBXFileReference; lastKnownFileType = wrapper.framework; name = Foundation.framework; path = System/Library/Frameworks/Foundation.framework; sourceTree = SDKROOT; };
		8D8930971AEF017100A66F2D /* Security.framework */ = {isa = PBXFileReference; lastKnownFileType = wrapper.framework; name = Security.framework; path = System/Library/Frameworks/Security.framework; sourceTree = SDKROOT; };
		8D89309A1AEF030100A66F2D /* SocketAckManager.swift */ = {isa = PBXFileReference; fileEncoding = 4; lastKnownFileType = sourcecode.swift; path = SocketAckManager.swift; sourceTree = "<group>"; };
		8D89309B1AEF030100A66F2D /* SocketAnyEvent.swift */ = {isa = PBXFileReference; fileEncoding = 4; lastKnownFileType = sourcecode.swift; path = SocketAnyEvent.swift; sourceTree = "<group>"; };
		8D89309C1AEF030100A66F2D /* SocketEngine.swift */ = {isa = PBXFileReference; fileEncoding = 4; lastKnownFileType = sourcecode.swift; path = SocketEngine.swift; sourceTree = "<group>"; };
		8D89309D1AEF030100A66F2D /* SocketEngineClient.swift */ = {isa = PBXFileReference; fileEncoding = 4; lastKnownFileType = sourcecode.swift; path = SocketEngineClient.swift; sourceTree = "<group>"; };
		8D89309E1AEF030100A66F2D /* SocketEventHandler.swift */ = {isa = PBXFileReference; fileEncoding = 4; lastKnownFileType = sourcecode.swift; path = SocketEventHandler.swift; sourceTree = "<group>"; };
		8D89309F1AEF030100A66F2D /* SocketFixUTF8.swift */ = {isa = PBXFileReference; fileEncoding = 4; lastKnownFileType = sourcecode.swift; path = SocketFixUTF8.swift; sourceTree = "<group>"; };
		8D8930A01AEF030100A66F2D /* SocketIOClient.swift */ = {isa = PBXFileReference; fileEncoding = 4; lastKnownFileType = sourcecode.swift; path = SocketIOClient.swift; sourceTree = "<group>"; };
		8D8930A11AEF030100A66F2D /* SocketLogger.swift */ = {isa = PBXFileReference; fileEncoding = 4; lastKnownFileType = sourcecode.swift; path = SocketLogger.swift; sourceTree = "<group>"; };
		8D8930A21AEF030100A66F2D /* SocketPacket.swift */ = {isa = PBXFileReference; fileEncoding = 4; lastKnownFileType = sourcecode.swift; path = SocketPacket.swift; sourceTree = "<group>"; };
		8D8930A31AEF030100A66F2D /* SocketParser.swift */ = {isa = PBXFileReference; fileEncoding = 4; lastKnownFileType = sourcecode.swift; path = SocketParser.swift; sourceTree = "<group>"; };
		8D8930A41AEF030100A66F2D /* SocketTypes.swift */ = {isa = PBXFileReference; fileEncoding = 4; lastKnownFileType = sourcecode.swift; path = SocketTypes.swift; sourceTree = "<group>"; };
		8D8930A51AEF030100A66F2D /* SwiftRegex.swift */ = {isa = PBXFileReference; fileEncoding = 4; lastKnownFileType = sourcecode.swift; path = SwiftRegex.swift; sourceTree = "<group>"; };
		8D8930A61AEF030100A66F2D /* WebSocket.swift */ = {isa = PBXFileReference; fileEncoding = 4; lastKnownFileType = sourcecode.swift; path = WebSocket.swift; sourceTree = "<group>"; };
		C31CB14C1AAA48B700D229DC /* CrowdSound.app */ = {isa = PBXFileReference; explicitFileType = wrapper.application; includeInIndex = 0; path = CrowdSound.app; sourceTree = BUILT_PRODUCTS_DIR; };
		C31CB1501AAA48B700D229DC /* Info.plist */ = {isa = PBXFileReference; lastKnownFileType = text.plist.xml; path = Info.plist; sourceTree = "<group>"; };
		C31CB1511AAA48B700D229DC /* AppDelegate.swift */ = {isa = PBXFileReference; lastKnownFileType = sourcecode.swift; path = AppDelegate.swift; sourceTree = "<group>"; };
		C31CB1561AAA48B700D229DC /* Base */ = {isa = PBXFileReference; lastKnownFileType = file.storyboard; name = Base; path = Base.lproj/Main.storyboard; sourceTree = "<group>"; };
		C31CB1581AAA48B700D229DC /* Images.xcassets */ = {isa = PBXFileReference; lastKnownFileType = folder.assetcatalog; path = Images.xcassets; sourceTree = "<group>"; };
		C31CB15B1AAA48B700D229DC /* Base */ = {isa = PBXFileReference; lastKnownFileType = file.xib; name = Base; path = Base.lproj/LaunchScreen.xib; sourceTree = "<group>"; };
		C31CB1611AAA48B700D229DC /* CrowdSoundTests.xctest */ = {isa = PBXFileReference; explicitFileType = wrapper.cfbundle; includeInIndex = 0; path = CrowdSoundTests.xctest; sourceTree = BUILT_PRODUCTS_DIR; };
		C31CB1661AAA48B700D229DC /* Info.plist */ = {isa = PBXFileReference; lastKnownFileType = text.plist.xml; path = Info.plist; sourceTree = "<group>"; };
		C31CB1671AAA48B700D229DC /* CrowdSoundTests.swift */ = {isa = PBXFileReference; lastKnownFileType = sourcecode.swift; path = CrowdSoundTests.swift; sourceTree = "<group>"; };
		C31CB1711AAA4FAC00D229DC /* Crowd.swift */ = {isa = PBXFileReference; fileEncoding = 4; lastKnownFileType = sourcecode.swift; path = Crowd.swift; sourceTree = "<group>"; };
		C31CB1731AAA4FE800D229DC /* Playlist.swift */ = {isa = PBXFileReference; fileEncoding = 4; lastKnownFileType = sourcecode.swift; path = Playlist.swift; sourceTree = "<group>"; };
		C31CB1751AAA4FF600D229DC /* Song.swift */ = {isa = PBXFileReference; fileEncoding = 4; lastKnownFileType = sourcecode.swift; path = Song.swift; sourceTree = "<group>"; };
		C31CB1791AAA513B00D229DC /* PendingTableViewController.swift */ = {isa = PBXFileReference; fileEncoding = 4; lastKnownFileType = sourcecode.swift; path = PendingTableViewController.swift; sourceTree = "<group>"; };
		C31CB17F1AAA518300D229DC /* CrowdsTableViewController.swift */ = {isa = PBXFileReference; fileEncoding = 4; lastKnownFileType = sourcecode.swift; path = CrowdsTableViewController.swift; sourceTree = "<group>"; };
		C31CB1811AAA57EB00D229DC /* CrowdTabViewController.swift */ = {isa = PBXFileReference; fileEncoding = 4; lastKnownFileType = sourcecode.swift; path = CrowdTabViewController.swift; sourceTree = "<group>"; };
		C31CE1761AD8749800A3B0B8 /* ConfigTableViewController.swift */ = {isa = PBXFileReference; fileEncoding = 4; lastKnownFileType = sourcecode.swift; name = ConfigTableViewController.swift; path = ../ConfigTableViewController.swift; sourceTree = "<group>"; };
		C35067E01AD8B2940087B3AC /* tokenswap.rb */ = {isa = PBXFileReference; fileEncoding = 4; lastKnownFileType = text.script.ruby; path = tokenswap.rb; sourceTree = "<group>"; };
		C391D77E1AD90D5400B1EC65 /* SearchViewController.swift */ = {isa = PBXFileReference; fileEncoding = 4; lastKnownFileType = sourcecode.swift; path = SearchViewController.swift; sourceTree = "<group>"; };
		C39B51971AE2ECA7008946E1 /* SettingsTableViewController.swift */ = {isa = PBXFileReference; fileEncoding = 4; lastKnownFileType = sourcecode.swift; path = SettingsTableViewController.swift; sourceTree = "<group>"; };
		C3B99D161AE40CF9001A03C0 /* FacebookViewController.swift */ = {isa = PBXFileReference; fileEncoding = 4; lastKnownFileType = sourcecode.swift; path = FacebookViewController.swift; sourceTree = "<group>"; };
		C3C31D141AE426790025470D /* Bolts.framework */ = {isa = PBXFileReference; lastKnownFileType = wrapper.framework; path = Bolts.framework; sourceTree = "<group>"; };
		C3C31D151AE426790025470D /* FBAudienceNetwork.framework */ = {isa = PBXFileReference; lastKnownFileType = wrapper.framework; path = FBAudienceNetwork.framework; sourceTree = "<group>"; };
		C3C31D161AE426790025470D /* FBSDKCoreKit.framework */ = {isa = PBXFileReference; lastKnownFileType = wrapper.framework; path = FBSDKCoreKit.framework; sourceTree = "<group>"; };
		C3C31D171AE426790025470D /* FBSDKLoginKit.framework */ = {isa = PBXFileReference; lastKnownFileType = wrapper.framework; path = FBSDKLoginKit.framework; sourceTree = "<group>"; };
		C3C31D181AE426790025470D /* FBSDKMessengerShareKit.framework */ = {isa = PBXFileReference; lastKnownFileType = wrapper.framework; path = FBSDKMessengerShareKit.framework; sourceTree = "<group>"; };
		C3C31D191AE426790025470D /* FBSDKShareKit.framework */ = {isa = PBXFileReference; lastKnownFileType = wrapper.framework; path = FBSDKShareKit.framework; sourceTree = "<group>"; };
		C3F0B7F81AED42F80016381D /* ConfigPageTests.swift */ = {isa = PBXFileReference; fileEncoding = 4; lastKnownFileType = sourcecode.swift; path = ConfigPageTests.swift; sourceTree = "<group>"; };
		ED170F7D1AD5B32A00BD3D96 /* PlayerCell.swift */ = {isa = PBXFileReference; fileEncoding = 4; lastKnownFileType = sourcecode.swift; path = PlayerCell.swift; sourceTree = "<group>"; };
		ED9CFDA31AE1A009005C1DF7 /* PlaylistTableViewController.swift */ = {isa = PBXFileReference; fileEncoding = 4; lastKnownFileType = sourcecode.swift; lineEnding = 0; path = PlaylistTableViewController.swift; sourceTree = "<group>"; xcLanguageSpecificationIdentifier = xcode.lang.swift; };
		EDB8CC2F1ACE205500D7B4A3 /* CrowdTests.swift */ = {isa = PBXFileReference; fileEncoding = 4; lastKnownFileType = sourcecode.swift; name = CrowdTests.swift; path = CrowdSoundTests/CrowdTests.swift; sourceTree = SOURCE_ROOT; };
		EDBAB7A01ACC57E000E7164C /* PlaylistTests.swift */ = {isa = PBXFileReference; fileEncoding = 4; lastKnownFileType = sourcecode.swift; path = PlaylistTests.swift; sourceTree = "<group>"; };
		EDBAB7A21ACC585100E7164C /* SongTests.swift */ = {isa = PBXFileReference; fileEncoding = 4; lastKnownFileType = sourcecode.swift; path = SongTests.swift; sourceTree = "<group>"; };
		EDCBFA6B1AD4A59D00C5CF96 /* Spotify.framework */ = {isa = PBXFileReference; lastKnownFileType = wrapper.framework; path = Spotify.framework; sourceTree = "<group>"; };
		EDF0C2AF1AD49CAD00221DFD /* AVFoundation.framework */ = {isa = PBXFileReference; lastKnownFileType = wrapper.framework; name = AVFoundation.framework; path = System/Library/Frameworks/AVFoundation.framework; sourceTree = SDKROOT; };
		EDF0C2B11AD49D4400221DFD /* CrowdSound-Bridging-Header.h */ = {isa = PBXFileReference; lastKnownFileType = sourcecode.c.h; path = "CrowdSound-Bridging-Header.h"; sourceTree = "<group>"; };
		EDF0C2B51AD49E5500221DFD /* Config.swift */ = {isa = PBXFileReference; fileEncoding = 4; lastKnownFileType = sourcecode.swift; path = Config.swift; sourceTree = "<group>"; };
		EDF2377B1AC9FD67001B007C /* PendingSongCell.swift */ = {isa = PBXFileReference; fileEncoding = 4; lastKnownFileType = sourcecode.swift; path = PendingSongCell.swift; sourceTree = "<group>"; };
/* End PBXFileReference section */

/* Begin PBXFrameworksBuildPhase section */
		C31CB1491AAA48B700D229DC /* Frameworks */ = {
			isa = PBXFrameworksBuildPhase;
			buildActionMask = 2147483647;
			files = (
				8D8930981AEF017100A66F2D /* Security.framework in Frameworks */,
				8D8930961AEF016B00A66F2D /* Foundation.framework in Frameworks */,
				8D8930941AEF015B00A66F2D /* CFNetwork.framework in Frameworks */,
				8D8930921AEF014700A66F2D /* libicucore.dylib in Frameworks */,
				C3C31D1F1AE426790025470D /* FBSDKShareKit.framework in Frameworks */,
				C3C31D1C1AE426790025470D /* FBSDKCoreKit.framework in Frameworks */,
				C3C31D1A1AE426790025470D /* Bolts.framework in Frameworks */,
				C3C31D1D1AE426790025470D /* FBSDKLoginKit.framework in Frameworks */,
				EDF0C2B01AD49CAD00221DFD /* AVFoundation.framework in Frameworks */,
				EDCBFA6C1AD4A59D00C5CF96 /* Spotify.framework in Frameworks */,
				C3C31D1B1AE426790025470D /* FBAudienceNetwork.framework in Frameworks */,
				C3C31D1E1AE426790025470D /* FBSDKMessengerShareKit.framework in Frameworks */,
			);
			runOnlyForDeploymentPostprocessing = 0;
		};
		C31CB15E1AAA48B700D229DC /* Frameworks */ = {
			isa = PBXFrameworksBuildPhase;
			buildActionMask = 2147483647;
			files = (
			);
			runOnlyForDeploymentPostprocessing = 0;
		};
/* End PBXFrameworksBuildPhase section */

/* Begin PBXGroup section */
		8D8930991AEF030100A66F2D /* SocketIOClientSwift */ = {
			isa = PBXGroup;
			children = (
				8D89309A1AEF030100A66F2D /* SocketAckManager.swift */,
				8D89309B1AEF030100A66F2D /* SocketAnyEvent.swift */,
				8D89309C1AEF030100A66F2D /* SocketEngine.swift */,
				8D89309D1AEF030100A66F2D /* SocketEngineClient.swift */,
				8D89309E1AEF030100A66F2D /* SocketEventHandler.swift */,
				8D89309F1AEF030100A66F2D /* SocketFixUTF8.swift */,
				8D8930A01AEF030100A66F2D /* SocketIOClient.swift */,
				8D8930A11AEF030100A66F2D /* SocketLogger.swift */,
				8D8930A21AEF030100A66F2D /* SocketPacket.swift */,
				8D8930A31AEF030100A66F2D /* SocketParser.swift */,
				8D8930A41AEF030100A66F2D /* SocketTypes.swift */,
				8D8930A51AEF030100A66F2D /* SwiftRegex.swift */,
				8D8930A61AEF030100A66F2D /* WebSocket.swift */,
			);
			path = SocketIOClientSwift;
			sourceTree = "<group>";
		};
		C31CB1431AAA48B700D229DC = {
			isa = PBXGroup;
			children = (
				8D8930971AEF017100A66F2D /* Security.framework */,
				8D8930951AEF016B00A66F2D /* Foundation.framework */,
				8D8930931AEF015B00A66F2D /* CFNetwork.framework */,
				8D8930911AEF014700A66F2D /* libicucore.dylib */,
				C3C31D141AE426790025470D /* Bolts.framework */,
				C3C31D151AE426790025470D /* FBAudienceNetwork.framework */,
				C3C31D161AE426790025470D /* FBSDKCoreKit.framework */,
				C3C31D171AE426790025470D /* FBSDKLoginKit.framework */,
				C3C31D181AE426790025470D /* FBSDKMessengerShareKit.framework */,
				C3C31D191AE426790025470D /* FBSDKShareKit.framework */,
				EDCBFA6B1AD4A59D00C5CF96 /* Spotify.framework */,
				EDF0C2AF1AD49CAD00221DFD /* AVFoundation.framework */,
				C31CB14E1AAA48B700D229DC /* CrowdSound */,
				C31CB1641AAA48B700D229DC /* CrowdSoundTests */,
				C31CB14D1AAA48B700D229DC /* Products */,
			);
			sourceTree = "<group>";
		};
		C31CB14D1AAA48B700D229DC /* Products */ = {
			isa = PBXGroup;
			children = (
				C31CB14C1AAA48B700D229DC /* CrowdSound.app */,
				C31CB1611AAA48B700D229DC /* CrowdSoundTests.xctest */,
			);
			name = Products;
			sourceTree = "<group>";
		};
		C31CB14E1AAA48B700D229DC /* CrowdSound */ = {
			isa = PBXGroup;
			children = (
				8D8930991AEF030100A66F2D /* SocketIOClientSwift */,
				8D89308D1AEF004B00A66F2D /* SocketRocket-Prefix.pch */,
				8D89308E1AEF004B00A66F2D /* SRWebSocket.h */,
				8D89308F1AEF004B00A66F2D /* SRWebSocket.m */,
				C31CB1511AAA48B700D229DC /* AppDelegate.swift */,
				C3B99D161AE40CF9001A03C0 /* FacebookViewController.swift */,
				C31CB1551AAA48B700D229DC /* Main.storyboard */,
				C39B51971AE2ECA7008946E1 /* SettingsTableViewController.swift */,
				C391D77E1AD90D5400B1EC65 /* SearchViewController.swift */,
				EDF2377B1AC9FD67001B007C /* PendingSongCell.swift */,
				ED9CFDA31AE1A009005C1DF7 /* PlaylistTableViewController.swift */,
				C31CB1791AAA513B00D229DC /* PendingTableViewController.swift */,
				C31CE1761AD8749800A3B0B8 /* ConfigTableViewController.swift */,
				C31CB17F1AAA518300D229DC /* CrowdsTableViewController.swift */,
				C31CB1811AAA57EB00D229DC /* CrowdTabViewController.swift */,
				C31CB1581AAA48B700D229DC /* Images.xcassets */,
				C31CB15A1AAA48B700D229DC /* LaunchScreen.xib */,
				C31CB14F1AAA48B700D229DC /* Supporting Files */,
				C31CB1711AAA4FAC00D229DC /* Crowd.swift */,
				C31CB1731AAA4FE800D229DC /* Playlist.swift */,
				C31CB1751AAA4FF600D229DC /* Song.swift */,
				EDF0C2B11AD49D4400221DFD /* CrowdSound-Bridging-Header.h */,
				EDF0C2B51AD49E5500221DFD /* Config.swift */,
				ED170F7D1AD5B32A00BD3D96 /* PlayerCell.swift */,
				C35067E01AD8B2940087B3AC /* tokenswap.rb */,
			);
			path = CrowdSound;
			sourceTree = "<group>";
		};
		C31CB14F1AAA48B700D229DC /* Supporting Files */ = {
			isa = PBXGroup;
			children = (
				C31CB1501AAA48B700D229DC /* Info.plist */,
			);
			name = "Supporting Files";
			sourceTree = "<group>";
		};
		C31CB1641AAA48B700D229DC /* CrowdSoundTests */ = {
			isa = PBXGroup;
			children = (
				EDB8CC2F1ACE205500D7B4A3 /* CrowdTests.swift */,
				C31CB1671AAA48B700D229DC /* CrowdSoundTests.swift */,
				C31CB1651AAA48B700D229DC /* Supporting Files */,
				EDBAB7A01ACC57E000E7164C /* PlaylistTests.swift */,
				C3F0B7F81AED42F80016381D /* ConfigPageTests.swift */,
				EDBAB7A21ACC585100E7164C /* SongTests.swift */,
			);
			path = CrowdSoundTests;
			sourceTree = "<group>";
		};
		C31CB1651AAA48B700D229DC /* Supporting Files */ = {
			isa = PBXGroup;
			children = (
				C31CB1661AAA48B700D229DC /* Info.plist */,
			);
			name = "Supporting Files";
			sourceTree = "<group>";
		};
/* End PBXGroup section */

/* Begin PBXNativeTarget section */
		C31CB14B1AAA48B700D229DC /* CrowdSound */ = {
			isa = PBXNativeTarget;
			buildConfigurationList = C31CB16B1AAA48B700D229DC /* Build configuration list for PBXNativeTarget "CrowdSound" */;
			buildPhases = (
				C31CB1481AAA48B700D229DC /* Sources */,
				C31CB1491AAA48B700D229DC /* Frameworks */,
				C31CB14A1AAA48B700D229DC /* Resources */,
			);
			buildRules = (
			);
			dependencies = (
			);
			name = CrowdSound;
			productName = CrowdSound;
			productReference = C31CB14C1AAA48B700D229DC /* CrowdSound.app */;
			productType = "com.apple.product-type.application";
		};
		C31CB1601AAA48B700D229DC /* CrowdSoundTests */ = {
			isa = PBXNativeTarget;
			buildConfigurationList = C31CB16E1AAA48B700D229DC /* Build configuration list for PBXNativeTarget "CrowdSoundTests" */;
			buildPhases = (
				C31CB15D1AAA48B700D229DC /* Sources */,
				C31CB15E1AAA48B700D229DC /* Frameworks */,
				C31CB15F1AAA48B700D229DC /* Resources */,
			);
			buildRules = (
			);
			dependencies = (
				C31CB1631AAA48B700D229DC /* PBXTargetDependency */,
			);
			name = CrowdSoundTests;
			productName = CrowdSoundTests;
			productReference = C31CB1611AAA48B700D229DC /* CrowdSoundTests.xctest */;
			productType = "com.apple.product-type.bundle.unit-test";
		};
/* End PBXNativeTarget section */

/* Begin PBXProject section */
		C31CB1441AAA48B700D229DC /* Project object */ = {
			isa = PBXProject;
			attributes = {
				LastUpgradeCheck = 0610;
				ORGANIZATIONNAME = cs439;
				TargetAttributes = {
					C31CB14B1AAA48B700D229DC = {
						CreatedOnToolsVersion = 6.1.1;
					};
					C31CB1601AAA48B700D229DC = {
						CreatedOnToolsVersion = 6.1.1;
						TestTargetID = C31CB14B1AAA48B700D229DC;
					};
				};
			};
			buildConfigurationList = C31CB1471AAA48B700D229DC /* Build configuration list for PBXProject "CrowdSound" */;
			compatibilityVersion = "Xcode 3.2";
			developmentRegion = English;
			hasScannedForEncodings = 0;
			knownRegions = (
				en,
				Base,
			);
			mainGroup = C31CB1431AAA48B700D229DC;
			productRefGroup = C31CB14D1AAA48B700D229DC /* Products */;
			projectDirPath = "";
			projectRoot = "";
			targets = (
				C31CB14B1AAA48B700D229DC /* CrowdSound */,
				C31CB1601AAA48B700D229DC /* CrowdSoundTests */,
			);
		};
/* End PBXProject section */

/* Begin PBXResourcesBuildPhase section */
		C31CB14A1AAA48B700D229DC /* Resources */ = {
			isa = PBXResourcesBuildPhase;
			buildActionMask = 2147483647;
			files = (
				C31CB1571AAA48B700D229DC /* Main.storyboard in Resources */,
				C31CB15C1AAA48B700D229DC /* LaunchScreen.xib in Resources */,
				C35067E11AD8B2940087B3AC /* tokenswap.rb in Resources */,
				C31CB1591AAA48B700D229DC /* Images.xcassets in Resources */,
			);
			runOnlyForDeploymentPostprocessing = 0;
		};
		C31CB15F1AAA48B700D229DC /* Resources */ = {
			isa = PBXResourcesBuildPhase;
			buildActionMask = 2147483647;
			files = (
			);
			runOnlyForDeploymentPostprocessing = 0;
		};
/* End PBXResourcesBuildPhase section */

/* Begin PBXSourcesBuildPhase section */
		C31CB1481AAA48B700D229DC /* Sources */ = {
			isa = PBXSourcesBuildPhase;
			buildActionMask = 2147483647;
			files = (
				C3B99D171AE40CF9001A03C0 /* FacebookViewController.swift in Sources */,
				EDF2377C1AC9FD67001B007C /* PendingSongCell.swift in Sources */,
				8D8930A91AEF030100A66F2D /* SocketEngine.swift in Sources */,
				8D8930B21AEF030100A66F2D /* SwiftRegex.swift in Sources */,
				8D8930A81AEF030100A66F2D /* SocketAnyEvent.swift in Sources */,
				C31CB1801AAA518300D229DC /* CrowdsTableViewController.swift in Sources */,
				C31CB17A1AAA513B00D229DC /* PendingTableViewController.swift in Sources */,
				8D8930901AEF004B00A66F2D /* SRWebSocket.m in Sources */,
				C31CB1761AAA4FF600D229DC /* Song.swift in Sources */,
				ED170F7E1AD5B32A00BD3D96 /* PlayerCell.swift in Sources */,
				8D8930AD1AEF030100A66F2D /* SocketIOClient.swift in Sources */,
				C31CB1821AAA57EB00D229DC /* CrowdTabViewController.swift in Sources */,
				C31CB1521AAA48B700D229DC /* AppDelegate.swift in Sources */,
				C391D77F1AD90D5400B1EC65 /* SearchViewController.swift in Sources */,
				8D8930B01AEF030100A66F2D /* SocketParser.swift in Sources */,
				8D8930B31AEF030100A66F2D /* WebSocket.swift in Sources */,
				ED9CFDA41AE1A009005C1DF7 /* PlaylistTableViewController.swift in Sources */,
				8D8930AE1AEF030100A66F2D /* SocketLogger.swift in Sources */,
				8D8930AF1AEF030100A66F2D /* SocketPacket.swift in Sources */,
				8D8930AC1AEF030100A66F2D /* SocketFixUTF8.swift in Sources */,
				8D8930AA1AEF030100A66F2D /* SocketEngineClient.swift in Sources */,
				8D8930B11AEF030100A66F2D /* SocketTypes.swift in Sources */,
				EDF0C2B61AD49E5500221DFD /* Config.swift in Sources */,
				C39B51981AE2ECA7008946E1 /* SettingsTableViewController.swift in Sources */,
				C31CB1721AAA4FAC00D229DC /* Crowd.swift in Sources */,
				C31CE1771AD8749800A3B0B8 /* ConfigTableViewController.swift in Sources */,
				8D8930AB1AEF030100A66F2D /* SocketEventHandler.swift in Sources */,
				C31CB1741AAA4FE800D229DC /* Playlist.swift in Sources */,
				8D8930A71AEF030100A66F2D /* SocketAckManager.swift in Sources */,
			);
			runOnlyForDeploymentPostprocessing = 0;
		};
		C31CB15D1AAA48B700D229DC /* Sources */ = {
			isa = PBXSourcesBuildPhase;
			buildActionMask = 2147483647;
			files = (
				EDBAB79E1ACC566D00E7164C /* Song.swift in Sources */,
				C31CB1681AAA48B700D229DC /* CrowdSoundTests.swift in Sources */,
				EDBAB79F1ACC567100E7164C /* Playlist.swift in Sources */,
				EDBAB7A11ACC57E000E7164C /* PlaylistTests.swift in Sources */,
				EDB8CC311ACE20A300D7B4A3 /* Crowd.swift in Sources */,
				EDBAB7A31ACC585100E7164C /* SongTests.swift in Sources */,
				C3F0B7F91AED42F80016381D /* ConfigPageTests.swift in Sources */,
				EDB8CC301ACE205500D7B4A3 /* CrowdTests.swift in Sources */,
			);
			runOnlyForDeploymentPostprocessing = 0;
		};
/* End PBXSourcesBuildPhase section */

/* Begin PBXTargetDependency section */
		C31CB1631AAA48B700D229DC /* PBXTargetDependency */ = {
			isa = PBXTargetDependency;
			target = C31CB14B1AAA48B700D229DC /* CrowdSound */;
			targetProxy = C31CB1621AAA48B700D229DC /* PBXContainerItemProxy */;
		};
/* End PBXTargetDependency section */

/* Begin PBXVariantGroup section */
		C31CB1551AAA48B700D229DC /* Main.storyboard */ = {
			isa = PBXVariantGroup;
			children = (
				C31CB1561AAA48B700D229DC /* Base */,
			);
			name = Main.storyboard;
			sourceTree = "<group>";
		};
		C31CB15A1AAA48B700D229DC /* LaunchScreen.xib */ = {
			isa = PBXVariantGroup;
			children = (
				C31CB15B1AAA48B700D229DC /* Base */,
			);
			name = LaunchScreen.xib;
			sourceTree = "<group>";
		};
/* End PBXVariantGroup section */

/* Begin XCBuildConfiguration section */
		C31CB1691AAA48B700D229DC /* Debug */ = {
			isa = XCBuildConfiguration;
			buildSettings = {
				ALWAYS_SEARCH_USER_PATHS = NO;
				CLANG_CXX_LANGUAGE_STANDARD = "gnu++0x";
				CLANG_CXX_LIBRARY = "libc++";
				CLANG_ENABLE_MODULES = YES;
				CLANG_ENABLE_OBJC_ARC = YES;
				CLANG_WARN_BOOL_CONVERSION = YES;
				CLANG_WARN_CONSTANT_CONVERSION = YES;
				CLANG_WARN_DIRECT_OBJC_ISA_USAGE = YES_ERROR;
				CLANG_WARN_EMPTY_BODY = YES;
				CLANG_WARN_ENUM_CONVERSION = YES;
				CLANG_WARN_INT_CONVERSION = YES;
				CLANG_WARN_OBJC_ROOT_CLASS = YES_ERROR;
				CLANG_WARN_UNREACHABLE_CODE = YES;
				CLANG_WARN__DUPLICATE_METHOD_MATCH = YES;
				"CODE_SIGN_IDENTITY[sdk=iphoneos*]" = "iPhone Developer";
				COPY_PHASE_STRIP = NO;
				ENABLE_STRICT_OBJC_MSGSEND = YES;
				GCC_C_LANGUAGE_STANDARD = gnu99;
				GCC_DYNAMIC_NO_PIC = NO;
				GCC_OPTIMIZATION_LEVEL = 0;
				GCC_PREPROCESSOR_DEFINITIONS = (
					"DEBUG=1",
					"$(inherited)",
				);
				GCC_SYMBOLS_PRIVATE_EXTERN = NO;
				GCC_WARN_64_TO_32_BIT_CONVERSION = YES;
				GCC_WARN_ABOUT_RETURN_TYPE = YES_ERROR;
				GCC_WARN_UNDECLARED_SELECTOR = YES;
				GCC_WARN_UNINITIALIZED_AUTOS = YES_AGGRESSIVE;
				GCC_WARN_UNUSED_FUNCTION = YES;
				GCC_WARN_UNUSED_VARIABLE = YES;
				IPHONEOS_DEPLOYMENT_TARGET = 8.1;
				MTL_ENABLE_DEBUG_INFO = YES;
				ONLY_ACTIVE_ARCH = YES;
				SDKROOT = iphoneos;
				SWIFT_OPTIMIZATION_LEVEL = "-Onone";
			};
			name = Debug;
		};
		C31CB16A1AAA48B700D229DC /* Release */ = {
			isa = XCBuildConfiguration;
			buildSettings = {
				ALWAYS_SEARCH_USER_PATHS = NO;
				CLANG_CXX_LANGUAGE_STANDARD = "gnu++0x";
				CLANG_CXX_LIBRARY = "libc++";
				CLANG_ENABLE_MODULES = YES;
				CLANG_ENABLE_OBJC_ARC = YES;
				CLANG_WARN_BOOL_CONVERSION = YES;
				CLANG_WARN_CONSTANT_CONVERSION = YES;
				CLANG_WARN_DIRECT_OBJC_ISA_USAGE = YES_ERROR;
				CLANG_WARN_EMPTY_BODY = YES;
				CLANG_WARN_ENUM_CONVERSION = YES;
				CLANG_WARN_INT_CONVERSION = YES;
				CLANG_WARN_OBJC_ROOT_CLASS = YES_ERROR;
				CLANG_WARN_UNREACHABLE_CODE = YES;
				CLANG_WARN__DUPLICATE_METHOD_MATCH = YES;
				"CODE_SIGN_IDENTITY[sdk=iphoneos*]" = "iPhone Developer";
				COPY_PHASE_STRIP = YES;
				ENABLE_NS_ASSERTIONS = NO;
				ENABLE_STRICT_OBJC_MSGSEND = YES;
				GCC_C_LANGUAGE_STANDARD = gnu99;
				GCC_WARN_64_TO_32_BIT_CONVERSION = YES;
				GCC_WARN_ABOUT_RETURN_TYPE = YES_ERROR;
				GCC_WARN_UNDECLARED_SELECTOR = YES;
				GCC_WARN_UNINITIALIZED_AUTOS = YES_AGGRESSIVE;
				GCC_WARN_UNUSED_FUNCTION = YES;
				GCC_WARN_UNUSED_VARIABLE = YES;
				IPHONEOS_DEPLOYMENT_TARGET = 8.1;
				MTL_ENABLE_DEBUG_INFO = NO;
				SDKROOT = iphoneos;
				VALIDATE_PRODUCT = YES;
			};
			name = Release;
		};
		C31CB16C1AAA48B700D229DC /* Debug */ = {
			isa = XCBuildConfiguration;
			buildSettings = {
				ASSETCATALOG_COMPILER_APPICON_NAME = AppIcon;
				CLANG_ENABLE_MODULES = YES;
				FRAMEWORK_SEARCH_PATHS = (
					"$(inherited)",
					"$(PROJECT_DIR)",
					/Users/terinpatelwilson/Desktop/FacebookSDK,
				);
				INFOPLIST_FILE = CrowdSound/Info.plist;
				LD_RUNPATH_SEARCH_PATHS = "$(inherited) @executable_path/Frameworks";
				OTHER_LDFLAGS = "-ObjC";
				PRODUCT_NAME = "$(TARGET_NAME)";
				SWIFT_OBJC_BRIDGING_HEADER = "CrowdSound/CrowdSound-Bridging-Header.h";
				SWIFT_OPTIMIZATION_LEVEL = "-Onone";
			};
			name = Debug;
		};
		C31CB16D1AAA48B700D229DC /* Release */ = {
			isa = XCBuildConfiguration;
			buildSettings = {
				ASSETCATALOG_COMPILER_APPICON_NAME = AppIcon;
				CLANG_ENABLE_MODULES = YES;
				FRAMEWORK_SEARCH_PATHS = (
					"$(inherited)",
					"$(PROJECT_DIR)",
					/Users/terinpatelwilson/Desktop/FacebookSDK,
				);
				INFOPLIST_FILE = CrowdSound/Info.plist;
				LD_RUNPATH_SEARCH_PATHS = "$(inherited) @executable_path/Frameworks";
				OTHER_LDFLAGS = "-ObjC";
				PRODUCT_NAME = "$(TARGET_NAME)";
				SWIFT_OBJC_BRIDGING_HEADER = "CrowdSound/CrowdSound-Bridging-Header.h";
			};
			name = Release;
		};
		C31CB16F1AAA48B700D229DC /* Debug */ = {
			isa = XCBuildConfiguration;
			buildSettings = {
				BUNDLE_LOADER = "$(TEST_HOST)";
				FRAMEWORK_SEARCH_PATHS = (
					"$(SDKROOT)/Developer/Library/Frameworks",
					"$(inherited)",
				);
				GCC_PREPROCESSOR_DEFINITIONS = (
					"DEBUG=1",
					"$(inherited)",
				);
				INFOPLIST_FILE = CrowdSoundTests/Info.plist;
				LD_RUNPATH_SEARCH_PATHS = "$(inherited) @executable_path/Frameworks @loader_path/Frameworks";
				PRODUCT_NAME = "$(TARGET_NAME)";
				TEST_HOST = "$(BUILT_PRODUCTS_DIR)/CrowdSound.app/CrowdSound";
			};
			name = Debug;
		};
		C31CB1701AAA48B700D229DC /* Release */ = {
			isa = XCBuildConfiguration;
			buildSettings = {
				BUNDLE_LOADER = "$(TEST_HOST)";
				FRAMEWORK_SEARCH_PATHS = (
					"$(SDKROOT)/Developer/Library/Frameworks",
					"$(inherited)",
				);
				INFOPLIST_FILE = CrowdSoundTests/Info.plist;
				LD_RUNPATH_SEARCH_PATHS = "$(inherited) @executable_path/Frameworks @loader_path/Frameworks";
				PRODUCT_NAME = "$(TARGET_NAME)";
				TEST_HOST = "$(BUILT_PRODUCTS_DIR)/CrowdSound.app/CrowdSound";
			};
			name = Release;
		};
/* End XCBuildConfiguration section */

/* Begin XCConfigurationList section */
		C31CB1471AAA48B700D229DC /* Build configuration list for PBXProject "CrowdSound" */ = {
			isa = XCConfigurationList;
			buildConfigurations = (
				C31CB1691AAA48B700D229DC /* Debug */,
				C31CB16A1AAA48B700D229DC /* Release */,
			);
			defaultConfigurationIsVisible = 0;
			defaultConfigurationName = Release;
		};
		C31CB16B1AAA48B700D229DC /* Build configuration list for PBXNativeTarget "CrowdSound" */ = {
			isa = XCConfigurationList;
			buildConfigurations = (
				C31CB16C1AAA48B700D229DC /* Debug */,
				C31CB16D1AAA48B700D229DC /* Release */,
			);
			defaultConfigurationIsVisible = 0;
			defaultConfigurationName = Release;
		};
		C31CB16E1AAA48B700D229DC /* Build configuration list for PBXNativeTarget "CrowdSoundTests" */ = {
			isa = XCConfigurationList;
			buildConfigurations = (
				C31CB16F1AAA48B700D229DC /* Debug */,
				C31CB1701AAA48B700D229DC /* Release */,
			);
			defaultConfigurationIsVisible = 0;
			defaultConfigurationName = Release;
		};
/* End XCConfigurationList section */
	};
	rootObject = C31CB1441AAA48B700D229DC /* Project object */;
}
