// !$*UTF8*$!
{
	archiveVersion = 1;
	classes = {
	};
	objectVersion = 46;
	objects = {

/* Begin PBXBuildFile section */
		C31CB1521AAA48B700D229DC /* AppDelegate.swift in Sources */ = {isa = PBXBuildFile; fileRef = C31CB1511AAA48B700D229DC /* AppDelegate.swift */; };
		C31CB1571AAA48B700D229DC /* Main.storyboard in Resources */ = {isa = PBXBuildFile; fileRef = C31CB1551AAA48B700D229DC /* Main.storyboard */; };
		C31CB1591AAA48B700D229DC /* Images.xcassets in Resources */ = {isa = PBXBuildFile; fileRef = C31CB1581AAA48B700D229DC /* Images.xcassets */; };
		C31CB15C1AAA48B700D229DC /* LaunchScreen.xib in Resources */ = {isa = PBXBuildFile; fileRef = C31CB15A1AAA48B700D229DC /* LaunchScreen.xib */; };
		C31CB1681AAA48B700D229DC /* CrowdSoundTests.swift in Sources */ = {isa = PBXBuildFile; fileRef = C31CB1671AAA48B700D229DC /* CrowdSoundTests.swift */; };
		C31CB1721AAA4FAC00D229DC /* Crowd.swift in Sources */ = {isa = PBXBuildFile; fileRef = C31CB1711AAA4FAC00D229DC /* Crowd.swift */; };
		C31CB1741AAA4FE800D229DC /* Playlist.swift in Sources */ = {isa = PBXBuildFile; fileRef = C31CB1731AAA4FE800D229DC /* Playlist.swift */; };
		C31CB1761AAA4FF600D229DC /* Song.swift in Sources */ = {isa = PBXBuildFile; fileRef = C31CB1751AAA4FF600D229DC /* Song.swift */; };
		C31CB17A1AAA513B00D229DC /* PendingTableViewController.swift in Sources */ = {isa = PBXBuildFile; fileRef = C31CB1791AAA513B00D229DC /* PendingTableViewController.swift */; };
		C31CB17C1AAA514B00D229DC /* PlaylistTableViewController.swift in Sources */ = {isa = PBXBuildFile; fileRef = C31CB17B1AAA514B00D229DC /* PlaylistTableViewController.swift */; };
		C31CB1801AAA518300D229DC /* CrowdsTableViewController.swift in Sources */ = {isa = PBXBuildFile; fileRef = C31CB17F1AAA518300D229DC /* CrowdsTableViewController.swift */; };
		C31CB1821AAA57EB00D229DC /* CrowdTabViewController.swift in Sources */ = {isa = PBXBuildFile; fileRef = C31CB1811AAA57EB00D229DC /* CrowdTabViewController.swift */; };
		C31CE1771AD8749800A3B0B8 /* ConfigTableViewController.swift in Sources */ = {isa = PBXBuildFile; fileRef = C31CE1761AD8749800A3B0B8 /* ConfigTableViewController.swift */; };
		C35067E11AD8B2940087B3AC /* tokenswap.rb in Resources */ = {isa = PBXBuildFile; fileRef = C35067E01AD8B2940087B3AC /* tokenswap.rb */; };
		C391D77F1AD90D5400B1EC65 /* SearchViewController.swift in Sources */ = {isa = PBXBuildFile; fileRef = C391D77E1AD90D5400B1EC65 /* SearchViewController.swift */; };
		ED170F7E1AD5B32A00BD3D96 /* PlayerCell.swift in Sources */ = {isa = PBXBuildFile; fileRef = ED170F7D1AD5B32A00BD3D96 /* PlayerCell.swift */; };
		EDB8CC301ACE205500D7B4A3 /* CrowdTests.swift in Sources */ = {isa = PBXBuildFile; fileRef = EDB8CC2F1ACE205500D7B4A3 /* CrowdTests.swift */; };
		EDB8CC311ACE20A300D7B4A3 /* Crowd.swift in Sources */ = {isa = PBXBuildFile; fileRef = C31CB1711AAA4FAC00D229DC /* Crowd.swift */; };
		EDBAB79E1ACC566D00E7164C /* Song.swift in Sources */ = {isa = PBXBuildFile; fileRef = C31CB1751AAA4FF600D229DC /* Song.swift */; };
		EDBAB79F1ACC567100E7164C /* Playlist.swift in Sources */ = {isa = PBXBuildFile; fileRef = C31CB1731AAA4FE800D229DC /* Playlist.swift */; };
		EDBAB7A11ACC57E000E7164C /* PlaylistTests.swift in Sources */ = {isa = PBXBuildFile; fileRef = EDBAB7A01ACC57E000E7164C /* PlaylistTests.swift */; };
		EDBAB7A31ACC585100E7164C /* SongTests.swift in Sources */ = {isa = PBXBuildFile; fileRef = EDBAB7A21ACC585100E7164C /* SongTests.swift */; };
		EDCBFA6C1AD4A59D00C5CF96 /* Spotify.framework in Frameworks */ = {isa = PBXBuildFile; fileRef = EDCBFA6B1AD4A59D00C5CF96 /* Spotify.framework */; };
		EDF0C2B01AD49CAD00221DFD /* AVFoundation.framework in Frameworks */ = {isa = PBXBuildFile; fileRef = EDF0C2AF1AD49CAD00221DFD /* AVFoundation.framework */; };
		EDF0C2B61AD49E5500221DFD /* Config.swift in Sources */ = {isa = PBXBuildFile; fileRef = EDF0C2B51AD49E5500221DFD /* Config.swift */; };
		EDF2377C1AC9FD67001B007C /* PendingSongCell.swift in Sources */ = {isa = PBXBuildFile; fileRef = EDF2377B1AC9FD67001B007C /* PendingSongCell.swift */; };
/* End PBXBuildFile section */

/* Begin PBXContainerItemProxy section */
		C31CB1621AAA48B700D229DC /* PBXContainerItemProxy */ = {
			isa = PBXContainerItemProxy;
			containerPortal = C31CB1441AAA48B700D229DC /* Project object */;
			proxyType = 1;
			remoteGlobalIDString = C31CB14B1AAA48B700D229DC;
			remoteInfo = CrowdSound;
		};
/* End PBXContainerItemProxy section */

/* Begin PBXFileReference section */
		C31CB14C1AAA48B700D229DC /* CrowdSound.app */ = {isa = PBXFileReference; explicitFileType = wrapper.application; includeInIndex = 0; path = CrowdSound.app; sourceTree = BUILT_PRODUCTS_DIR; };
		C31CB1501AAA48B700D229DC /* Info.plist */ = {isa = PBXFileReference; lastKnownFileType = text.plist.xml; path = Info.plist; sourceTree = "<group>"; };
		C31CB1511AAA48B700D229DC /* AppDelegate.swift */ = {isa = PBXFileReference; lastKnownFileType = sourcecode.swift; path = AppDelegate.swift; sourceTree = "<group>"; };
		C31CB1561AAA48B700D229DC /* Base */ = {isa = PBXFileReference; lastKnownFileType = file.storyboard; name = Base; path = Base.lproj/Main.storyboard; sourceTree = "<group>"; };
		C31CB1581AAA48B700D229DC /* Images.xcassets */ = {isa = PBXFileReference; lastKnownFileType = folder.assetcatalog; path = Images.xcassets; sourceTree = "<group>"; };
		C31CB15B1AAA48B700D229DC /* Base */ = {isa = PBXFileReference; lastKnownFileType = file.xib; name = Base; path = Base.lproj/LaunchScreen.xib; sourceTree = "<group>"; };
		C31CB1611AAA48B700D229DC /* CrowdSoundTests.xctest */ = {isa = PBXFileReference; explicitFileType = wrapper.cfbundle; includeInIndex = 0; path = CrowdSoundTests.xctest; sourceTree = BUILT_PRODUCTS_DIR; };
		C31CB1661AAA48B700D229DC /* Info.plist */ = {isa = PBXFileReference; lastKnownFileType = text.plist.xml; path = Info.plist; sourceTree = "<group>"; };
		C31CB1671AAA48B700D229DC /* CrowdSoundTests.swift */ = {isa = PBXFileReference; lastKnownFileType = sourcecode.swift; path = CrowdSoundTests.swift; sourceTree = "<group>"; };
		C31CB1711AAA4FAC00D229DC /* Crowd.swift */ = {isa = PBXFileReference; fileEncoding = 4; lastKnownFileType = sourcecode.swift; path = Crowd.swift; sourceTree = "<group>"; };
		C31CB1731AAA4FE800D229DC /* Playlist.swift */ = {isa = PBXFileReference; fileEncoding = 4; lastKnownFileType = sourcecode.swift; path = Playlist.swift; sourceTree = "<group>"; };
		C31CB1751AAA4FF600D229DC /* Song.swift */ = {isa = PBXFileReference; fileEncoding = 4; lastKnownFileType = sourcecode.swift; path = Song.swift; sourceTree = "<group>"; };
		C31CB1791AAA513B00D229DC /* PendingTableViewController.swift */ = {isa = PBXFileReference; fileEncoding = 4; lastKnownFileType = sourcecode.swift; path = PendingTableViewController.swift; sourceTree = "<group>"; };
		C31CB17B1AAA514B00D229DC /* PlaylistTableViewController.swift */ = {isa = PBXFileReference; fileEncoding = 4; lastKnownFileType = sourcecode.swift; path = PlaylistTableViewController.swift; sourceTree = "<group>"; };
		C31CB17F1AAA518300D229DC /* CrowdsTableViewController.swift */ = {isa = PBXFileReference; fileEncoding = 4; lastKnownFileType = sourcecode.swift; path = CrowdsTableViewController.swift; sourceTree = "<group>"; };
		C31CB1811AAA57EB00D229DC /* CrowdTabViewController.swift */ = {isa = PBXFileReference; fileEncoding = 4; lastKnownFileType = sourcecode.swift; path = CrowdTabViewController.swift; sourceTree = "<group>"; };
		C31CE1761AD8749800A3B0B8 /* ConfigTableViewController.swift */ = {isa = PBXFileReference; fileEncoding = 4; lastKnownFileType = sourcecode.swift; name = ConfigTableViewController.swift; path = ../ConfigTableViewController.swift; sourceTree = "<group>"; };
		C35067E01AD8B2940087B3AC /* tokenswap.rb */ = {isa = PBXFileReference; fileEncoding = 4; lastKnownFileType = text.script.ruby; path = tokenswap.rb; sourceTree = "<group>"; };
		C391D77E1AD90D5400B1EC65 /* SearchViewController.swift */ = {isa = PBXFileReference; fileEncoding = 4; lastKnownFileType = sourcecode.swift; path = SearchViewController.swift; sourceTree = "<group>"; };
		ED170F7D1AD5B32A00BD3D96 /* PlayerCell.swift */ = {isa = PBXFileReference; fileEncoding = 4; lastKnownFileType = sourcecode.swift; path = PlayerCell.swift; sourceTree = "<group>"; };
		EDB8CC2F1ACE205500D7B4A3 /* CrowdTests.swift */ = {isa = PBXFileReference; fileEncoding = 4; lastKnownFileType = sourcecode.swift; name = CrowdTests.swift; path = CrowdSoundTests/CrowdTests.swift; sourceTree = SOURCE_ROOT; };
		EDBAB7A01ACC57E000E7164C /* PlaylistTests.swift */ = {isa = PBXFileReference; fileEncoding = 4; lastKnownFileType = sourcecode.swift; path = PlaylistTests.swift; sourceTree = "<group>"; };
		EDBAB7A21ACC585100E7164C /* SongTests.swift */ = {isa = PBXFileReference; fileEncoding = 4; lastKnownFileType = sourcecode.swift; path = SongTests.swift; sourceTree = "<group>"; };
		EDCBFA6B1AD4A59D00C5CF96 /* Spotify.framework */ = {isa = PBXFileReference; lastKnownFileType = wrapper.framework; path = Spotify.framework; sourceTree = "<group>"; };
		EDF0C2AF1AD49CAD00221DFD /* AVFoundation.framework */ = {isa = PBXFileReference; lastKnownFileType = wrapper.framework; name = AVFoundation.framework; path = System/Library/Frameworks/AVFoundation.framework; sourceTree = SDKROOT; };
		EDF0C2B11AD49D4400221DFD /* CrowdSound-Bridging-Header.h */ = {isa = PBXFileReference; lastKnownFileType = sourcecode.c.h; path = "CrowdSound-Bridging-Header.h"; sourceTree = "<group>"; };
		EDF0C2B51AD49E5500221DFD /* Config.swift */ = {isa = PBXFileReference; fileEncoding = 4; lastKnownFileType = sourcecode.swift; path = Config.swift; sourceTree = "<group>"; };
		EDF2377B1AC9FD67001B007C /* PendingSongCell.swift */ = {isa = PBXFileReference; fileEncoding = 4; lastKnownFileType = sourcecode.swift; path = PendingSongCell.swift; sourceTree = "<group>"; };
/* End PBXFileReference section */

/* Begin PBXFrameworksBuildPhase section */
		C31CB1491AAA48B700D229DC /* Frameworks */ = {
			isa = PBXFrameworksBuildPhase;
			buildActionMask = 2147483647;
			files = (
				EDF0C2B01AD49CAD00221DFD /* AVFoundation.framework in Frameworks */,
				EDCBFA6C1AD4A59D00C5CF96 /* Spotify.framework in Frameworks */,
			);
			runOnlyForDeploymentPostprocessing = 0;
		};
		C31CB15E1AAA48B700D229DC /* Frameworks */ = {
			isa = PBXFrameworksBuildPhase;
			buildActionMask = 2147483647;
			files = (
			);
			runOnlyForDeploymentPostprocessing = 0;
		};
/* End PBXFrameworksBuildPhase section */

/* Begin PBXGroup section */
		C31CB1431AAA48B700D229DC = {
			isa = PBXGroup;
			children = (
				EDCBFA6B1AD4A59D00C5CF96 /* Spotify.framework */,
				EDF0C2AF1AD49CAD00221DFD /* AVFoundation.framework */,
				C31CB14E1AAA48B700D229DC /* CrowdSound */,
				C31CB1641AAA48B700D229DC /* CrowdSoundTests */,
				C31CB14D1AAA48B700D229DC /* Products */,
			);
			sourceTree = "<group>";
		};
		C31CB14D1AAA48B700D229DC /* Products */ = {
			isa = PBXGroup;
			children = (
				C31CB14C1AAA48B700D229DC /* CrowdSound.app */,
				C31CB1611AAA48B700D229DC /* CrowdSoundTests.xctest */,
			);
			name = Products;
			sourceTree = "<group>";
		};
		C31CB14E1AAA48B700D229DC /* CrowdSound */ = {
			isa = PBXGroup;
			children = (
				C31CB1511AAA48B700D229DC /* AppDelegate.swift */,
				C31CB1551AAA48B700D229DC /* Main.storyboard */,
				C391D77E1AD90D5400B1EC65 /* SearchViewController.swift */,
				EDF2377B1AC9FD67001B007C /* PendingSongCell.swift */,
				C31CB17B1AAA514B00D229DC /* PlaylistTableViewController.swift */,
				C31CB1791AAA513B00D229DC /* PendingTableViewController.swift */,
				C31CE1761AD8749800A3B0B8 /* ConfigTableViewController.swift */,
				C31CB17F1AAA518300D229DC /* CrowdsTableViewController.swift */,
				C31CB1811AAA57EB00D229DC /* CrowdTabViewController.swift */,
				C31CB1581AAA48B700D229DC /* Images.xcassets */,
				C31CB15A1AAA48B700D229DC /* LaunchScreen.xib */,
				C31CB14F1AAA48B700D229DC /* Supporting Files */,
				C31CB1711AAA4FAC00D229DC /* Crowd.swift */,
				C31CB1731AAA4FE800D229DC /* Playlist.swift */,
				C31CB1751AAA4FF600D229DC /* Song.swift */,
				EDF0C2B11AD49D4400221DFD /* CrowdSound-Bridging-Header.h */,
				EDF0C2B51AD49E5500221DFD /* Config.swift */,
				ED170F7D1AD5B32A00BD3D96 /* PlayerCell.swift */,
				C35067E01AD8B2940087B3AC /* tokenswap.rb */,
			);
			path = CrowdSound;
			sourceTree = "<group>";
		};
		C31CB14F1AAA48B700D229DC /* Supporting Files */ = {
			isa = PBXGroup;
			children = (
				C31CB1501AAA48B700D229DC /* Info.plist */,
			);
			name = "Supporting Files";
			sourceTree = "<group>";
		};
		C31CB1641AAA48B700D229DC /* CrowdSoundTests */ = {
			isa = PBXGroup;
			children = (
				EDB8CC2F1ACE205500D7B4A3 /* CrowdTests.swift */,
				C31CB1671AAA48B700D229DC /* CrowdSoundTests.swift */,
				C31CB1651AAA48B700D229DC /* Supporting Files */,
				EDBAB7A01ACC57E000E7164C /* PlaylistTests.swift */,
				EDBAB7A21ACC585100E7164C /* SongTests.swift */,
			);
			path = CrowdSoundTests;
			sourceTree = "<group>";
		};
		C31CB1651AAA48B700D229DC /* Supporting Files */ = {
			isa = PBXGroup;
			children = (
				C31CB1661AAA48B700D229DC /* Info.plist */,
			);
			name = "Supporting Files";
			sourceTree = "<group>";
		};
/* End PBXGroup section */

/* Begin PBXNativeTarget section */
		C31CB14B1AAA48B700D229DC /* CrowdSound */ = {
			isa = PBXNativeTarget;
			buildConfigurationList = C31CB16B1AAA48B700D229DC /* Build configuration list for PBXNativeTarget "CrowdSound" */;
			buildPhases = (
				C31CB1481AAA48B700D229DC /* Sources */,
				C31CB1491AAA48B700D229DC /* Frameworks */,
				C31CB14A1AAA48B700D229DC /* Resources */,
			);
			buildRules = (
			);
			dependencies = (
			);
			name = CrowdSound;
			productName = CrowdSound;
			productReference = C31CB14C1AAA48B700D229DC /* CrowdSound.app */;
			productType = "com.apple.product-type.application";
		};
		C31CB1601AAA48B700D229DC /* CrowdSoundTests */ = {
			isa = PBXNativeTarget;
			buildConfigurationList = C31CB16E1AAA48B700D229DC /* Build configuration list for PBXNativeTarget "CrowdSoundTests" */;
			buildPhases = (
				C31CB15D1AAA48B700D229DC /* Sources */,
				C31CB15E1AAA48B700D229DC /* Frameworks */,
				C31CB15F1AAA48B700D229DC /* Resources */,
			);
			buildRules = (
			);
			dependencies = (
				C31CB1631AAA48B700D229DC /* PBXTargetDependency */,
			);
			name = CrowdSoundTests;
			productName = CrowdSoundTests;
			productReference = C31CB1611AAA48B700D229DC /* CrowdSoundTests.xctest */;
			productType = "com.apple.product-type.bundle.unit-test";
		};
/* End PBXNativeTarget section */

/* Begin PBXProject section */
		C31CB1441AAA48B700D229DC /* Project object */ = {
			isa = PBXProject;
			attributes = {
				LastUpgradeCheck = 0610;
				ORGANIZATIONNAME = cs439;
				TargetAttributes = {
					C31CB14B1AAA48B700D229DC = {
						CreatedOnToolsVersion = 6.1.1;
					};
					C31CB1601AAA48B700D229DC = {
						CreatedOnToolsVersion = 6.1.1;
						TestTargetID = C31CB14B1AAA48B700D229DC;
					};
				};
			};
			buildConfigurationList = C31CB1471AAA48B700D229DC /* Build configuration list for PBXProject "CrowdSound" */;
			compatibilityVersion = "Xcode 3.2";
			developmentRegion = English;
			hasScannedForEncodings = 0;
			knownRegions = (
				en,
				Base,
			);
			mainGroup = C31CB1431AAA48B700D229DC;
			productRefGroup = C31CB14D1AAA48B700D229DC /* Products */;
			projectDirPath = "";
			projectRoot = "";
			targets = (
				C31CB14B1AAA48B700D229DC /* CrowdSound */,
				C31CB1601AAA48B700D229DC /* CrowdSoundTests */,
			);
		};
/* End PBXProject section */

/* Begin PBXResourcesBuildPhase section */
		C31CB14A1AAA48B700D229DC /* Resources */ = {
			isa = PBXResourcesBuildPhase;
			buildActionMask = 2147483647;
			files = (
				C31CB1571AAA48B700D229DC /* Main.storyboard in Resources */,
				C31CB15C1AAA48B700D229DC /* LaunchScreen.xib in Resources */,
				C35067E11AD8B2940087B3AC /* tokenswap.rb in Resources */,
				C31CB1591AAA48B700D229DC /* Images.xcassets in Resources */,
			);
			runOnlyForDeploymentPostprocessing = 0;
		};
		C31CB15F1AAA48B700D229DC /* Resources */ = {
			isa = PBXResourcesBuildPhase;
			buildActionMask = 2147483647;
			files = (
			);
			runOnlyForDeploymentPostprocessing = 0;
		};
/* End PBXResourcesBuildPhase section */

/* Begin PBXSourcesBuildPhase section */
		C31CB1481AAA48B700D229DC /* Sources */ = {
			isa = PBXSourcesBuildPhase;
			buildActionMask = 2147483647;
			files = (
				EDF2377C1AC9FD67001B007C /* PendingSongCell.swift in Sources */,
				C31CB1801AAA518300D229DC /* CrowdsTableViewController.swift in Sources */,
				C31CB17A1AAA513B00D229DC /* PendingTableViewController.swift in Sources */,
				C31CB1761AAA4FF600D229DC /* Song.swift in Sources */,
				C31CB17C1AAA514B00D229DC /* PlaylistTableViewController.swift in Sources */,
				ED170F7E1AD5B32A00BD3D96 /* PlayerCell.swift in Sources */,
				C31CB1821AAA57EB00D229DC /* CrowdTabViewController.swift in Sources */,
				C31CB1521AAA48B700D229DC /* AppDelegate.swift in Sources */,
				C391D77F1AD90D5400B1EC65 /* SearchViewController.swift in Sources */,
				EDF0C2B61AD49E5500221DFD /* Config.swift in Sources */,
				C31CB1721AAA4FAC00D229DC /* Crowd.swift in Sources */,
				C31CE1771AD8749800A3B0B8 /* ConfigTableViewController.swift in Sources */,
				C31CB1741AAA4FE800D229DC /* Playlist.swift in Sources */,
			);
			runOnlyForDeploymentPostprocessing = 0;
		};
		C31CB15D1AAA48B700D229DC /* Sources */ = {
			isa = PBXSourcesBuildPhase;
			buildActionMask = 2147483647;
			files = (
				EDBAB79E1ACC566D00E7164C /* Song.swift in Sources */,
				C31CB1681AAA48B700D229DC /* CrowdSoundTests.swift in Sources */,
				EDBAB79F1ACC567100E7164C /* Playlist.swift in Sources */,
				EDBAB7A11ACC57E000E7164C /* PlaylistTests.swift in Sources */,
				EDB8CC311ACE20A300D7B4A3 /* Crowd.swift in Sources */,
				EDBAB7A31ACC585100E7164C /* SongTests.swift in Sources */,
				EDB8CC301ACE205500D7B4A3 /* CrowdTests.swift in Sources */,
			);
			runOnlyForDeploymentPostprocessing = 0;
		};
/* End PBXSourcesBuildPhase section */

/* Begin PBXTargetDependency section */
		C31CB1631AAA48B700D229DC /* PBXTargetDependency */ = {
			isa = PBXTargetDependency;
			target = C31CB14B1AAA48B700D229DC /* CrowdSound */;
			targetProxy = C31CB1621AAA48B700D229DC /* PBXContainerItemProxy */;
		};
/* End PBXTargetDependency section */

/* Begin PBXVariantGroup section */
		C31CB1551AAA48B700D229DC /* Main.storyboard */ = {
			isa = PBXVariantGroup;
			children = (
				C31CB1561AAA48B700D229DC /* Base */,
			);
			name = Main.storyboard;
			sourceTree = "<group>";
		};
		C31CB15A1AAA48B700D229DC /* LaunchScreen.xib */ = {
			isa = PBXVariantGroup;
			children = (
				C31CB15B1AAA48B700D229DC /* Base */,
			);
			name = LaunchScreen.xib;
			sourceTree = "<group>";
		};
/* End PBXVariantGroup section */

/* Begin XCBuildConfiguration section */
		C31CB1691AAA48B700D229DC /* Debug */ = {
			isa = XCBuildConfiguration;
			buildSettings = {
				ALWAYS_SEARCH_USER_PATHS = NO;
				CLANG_CXX_LANGUAGE_STANDARD = "gnu++0x";
				CLANG_CXX_LIBRARY = "libc++";
				CLANG_ENABLE_MODULES = YES;
				CLANG_ENABLE_OBJC_ARC = YES;
				CLANG_WARN_BOOL_CONVERSION = YES;
				CLANG_WARN_CONSTANT_CONVERSION = YES;
				CLANG_WARN_DIRECT_OBJC_ISA_USAGE = YES_ERROR;
				CLANG_WARN_EMPTY_BODY = YES;
				CLANG_WARN_ENUM_CONVERSION = YES;
				CLANG_WARN_INT_CONVERSION = YES;
				CLANG_WARN_OBJC_ROOT_CLASS = YES_ERROR;
				CLANG_WARN_UNREACHABLE_CODE = YES;
				CLANG_WARN__DUPLICATE_METHOD_MATCH = YES;
				"CODE_SIGN_IDENTITY[sdk=iphoneos*]" = "iPhone Developer";
				COPY_PHASE_STRIP = NO;
				ENABLE_STRICT_OBJC_MSGSEND = YES;
				GCC_C_LANGUAGE_STANDARD = gnu99;
				GCC_DYNAMIC_NO_PIC = NO;
				GCC_OPTIMIZATION_LEVEL = 0;
				GCC_PREPROCESSOR_DEFINITIONS = (
					"DEBUG=1",
					"$(inherited)",
				);
				GCC_SYMBOLS_PRIVATE_EXTERN = NO;
				GCC_WARN_64_TO_32_BIT_CONVERSION = YES;
				GCC_WARN_ABOUT_RETURN_TYPE = YES_ERROR;
				GCC_WARN_UNDECLARED_SELECTOR = YES;
				GCC_WARN_UNINITIALIZED_AUTOS = YES_AGGRESSIVE;
				GCC_WARN_UNUSED_FUNCTION = YES;
				GCC_WARN_UNUSED_VARIABLE = YES;
				IPHONEOS_DEPLOYMENT_TARGET = 8.1;
				MTL_ENABLE_DEBUG_INFO = YES;
				ONLY_ACTIVE_ARCH = YES;
				SDKROOT = iphoneos;
				SWIFT_OPTIMIZATION_LEVEL = "-Onone";
			};
			name = Debug;
		};
		C31CB16A1AAA48B700D229DC /* Release */ = {
			isa = XCBuildConfiguration;
			buildSettings = {
				ALWAYS_SEARCH_USER_PATHS = NO;
				CLANG_CXX_LANGUAGE_STANDARD = "gnu++0x";
				CLANG_CXX_LIBRARY = "libc++";
				CLANG_ENABLE_MODULES = YES;
				CLANG_ENABLE_OBJC_ARC = YES;
				CLANG_WARN_BOOL_CONVERSION = YES;
				CLANG_WARN_CONSTANT_CONVERSION = YES;
				CLANG_WARN_DIRECT_OBJC_ISA_USAGE = YES_ERROR;
				CLANG_WARN_EMPTY_BODY = YES;
				CLANG_WARN_ENUM_CONVERSION = YES;
				CLANG_WARN_INT_CONVERSION = YES;
				CLANG_WARN_OBJC_ROOT_CLASS = YES_ERROR;
				CLANG_WARN_UNREACHABLE_CODE = YES;
				CLANG_WARN__DUPLICATE_METHOD_MATCH = YES;
				"CODE_SIGN_IDENTITY[sdk=iphoneos*]" = "iPhone Developer";
				COPY_PHASE_STRIP = YES;
				ENABLE_NS_ASSERTIONS = NO;
				ENABLE_STRICT_OBJC_MSGSEND = YES;
				GCC_C_LANGUAGE_STANDARD = gnu99;
				GCC_WARN_64_TO_32_BIT_CONVERSION = YES;
				GCC_WARN_ABOUT_RETURN_TYPE = YES_ERROR;
				GCC_WARN_UNDECLARED_SELECTOR = YES;
				GCC_WARN_UNINITIALIZED_AUTOS = YES_AGGRESSIVE;
				GCC_WARN_UNUSED_FUNCTION = YES;
				GCC_WARN_UNUSED_VARIABLE = YES;
				IPHONEOS_DEPLOYMENT_TARGET = 8.1;
				MTL_ENABLE_DEBUG_INFO = NO;
				SDKROOT = iphoneos;
				VALIDATE_PRODUCT = YES;
			};
			name = Release;
		};
		C31CB16C1AAA48B700D229DC /* Debug */ = {
			isa = XCBuildConfiguration;
			buildSettings = {
				ASSETCATALOG_COMPILER_APPICON_NAME = AppIcon;
				CLANG_ENABLE_MODULES = YES;
				FRAMEWORK_SEARCH_PATHS = (
					"$(inherited)",
					"$(PROJECT_DIR)",
				);
				INFOPLIST_FILE = CrowdSound/Info.plist;
				LD_RUNPATH_SEARCH_PATHS = "$(inherited) @executable_path/Frameworks";
				OTHER_LDFLAGS = "-ObjC";
				PRODUCT_NAME = "$(TARGET_NAME)";
				SWIFT_OBJC_BRIDGING_HEADER = "CrowdSound/CrowdSound-Bridging-Header.h";
				SWIFT_OPTIMIZATION_LEVEL = "-Onone";
			};
			name = Debug;
		};
		C31CB16D1AAA48B700D229DC /* Release */ = {
			isa = XCBuildConfiguration;
			buildSettings = {
				ASSETCATALOG_COMPILER_APPICON_NAME = AppIcon;
				CLANG_ENABLE_MODULES = YES;
				FRAMEWORK_SEARCH_PATHS = (
					"$(inherited)",
					"$(PROJECT_DIR)",
				);
				INFOPLIST_FILE = CrowdSound/Info.plist;
				LD_RUNPATH_SEARCH_PATHS = "$(inherited) @executable_path/Frameworks";
				OTHER_LDFLAGS = "-ObjC";
				PRODUCT_NAME = "$(TARGET_NAME)";
				SWIFT_OBJC_BRIDGING_HEADER = "CrowdSound/CrowdSound-Bridging-Header.h";
			};
			name = Release;
		};
		C31CB16F1AAA48B700D229DC /* Debug */ = {
			isa = XCBuildConfiguration;
			buildSettings = {
				BUNDLE_LOADER = "$(TEST_HOST)";
				FRAMEWORK_SEARCH_PATHS = (
					"$(SDKROOT)/Developer/Library/Frameworks",
					"$(inherited)",
				);
				GCC_PREPROCESSOR_DEFINITIONS = (
					"DEBUG=1",
					"$(inherited)",
				);
				INFOPLIST_FILE = CrowdSoundTests/Info.plist;
				LD_RUNPATH_SEARCH_PATHS = "$(inherited) @executable_path/Frameworks @loader_path/Frameworks";
				PRODUCT_NAME = "$(TARGET_NAME)";
				TEST_HOST = "$(BUILT_PRODUCTS_DIR)/CrowdSound.app/CrowdSound";
			};
			name = Debug;
		};
		C31CB1701AAA48B700D229DC /* Release */ = {
			isa = XCBuildConfiguration;
			buildSettings = {
				BUNDLE_LOADER = "$(TEST_HOST)";
				FRAMEWORK_SEARCH_PATHS = (
					"$(SDKROOT)/Developer/Library/Frameworks",
					"$(inherited)",
				);
				INFOPLIST_FILE = CrowdSoundTests/Info.plist;
				LD_RUNPATH_SEARCH_PATHS = "$(inherited) @executable_path/Frameworks @loader_path/Frameworks";
				PRODUCT_NAME = "$(TARGET_NAME)";
				TEST_HOST = "$(BUILT_PRODUCTS_DIR)/CrowdSound.app/CrowdSound";
			};
			name = Release;
		};
/* End XCBuildConfiguration section */

/* Begin XCConfigurationList section */
		C31CB1471AAA48B700D229DC /* Build configuration list for PBXProject "CrowdSound" */ = {
			isa = XCConfigurationList;
			buildConfigurations = (
				C31CB1691AAA48B700D229DC /* Debug */,
				C31CB16A1AAA48B700D229DC /* Release */,
			);
			defaultConfigurationIsVisible = 0;
			defaultConfigurationName = Release;
		};
		C31CB16B1AAA48B700D229DC /* Build configuration list for PBXNativeTarget "CrowdSound" */ = {
			isa = XCConfigurationList;
			buildConfigurations = (
				C31CB16C1AAA48B700D229DC /* Debug */,
				C31CB16D1AAA48B700D229DC /* Release */,
			);
			defaultConfigurationIsVisible = 0;
			defaultConfigurationName = Release;
		};
		C31CB16E1AAA48B700D229DC /* Build configuration list for PBXNativeTarget "CrowdSoundTests" */ = {
			isa = XCConfigurationList;
			buildConfigurations = (
				C31CB16F1AAA48B700D229DC /* Debug */,
				C31CB1701AAA48B700D229DC /* Release */,
			);
			defaultConfigurationIsVisible = 0;
			defaultConfigurationName = Release;
		};
/* End XCConfigurationList section */
	};
	rootObject = C31CB1441AAA48B700D229DC /* Project object */;
}
